// !$*UTF8*$!
{
	archiveVersion = 1;
	classes = {
	};
	objectVersion = 55;
	objects = {

/* Begin PBXBuildFile section */
		7B0837E227BEB71C0012A0F9 /* Swipeback.swift in Sources */ = {isa = PBXBuildFile; fileRef = 7B0837E127BEB71C0012A0F9 /* Swipeback.swift */; };
		7B0837E427BECC2D0012A0F9 /* JoinPopUpView.swift in Sources */ = {isa = PBXBuildFile; fileRef = 7B0837E327BECC2D0012A0F9 /* JoinPopUpView.swift */; };
		7B210E4627B6570D002C1A00 /* MainModel.swift in Sources */ = {isa = PBXBuildFile; fileRef = 7B210E4527B6570D002C1A00 /* MainModel.swift */; };
		7B210E4827B65719002C1A00 /* MainViewModel.swift in Sources */ = {isa = PBXBuildFile; fileRef = 7B210E4727B65719002C1A00 /* MainViewModel.swift */; };
		7B210E4A27B6575E002C1A00 /* Showroom.swift in Sources */ = {isa = PBXBuildFile; fileRef = 7B210E4927B6575E002C1A00 /* Showroom.swift */; };
		7B210E4C27B65986002C1A00 /* PlanetsShowroom.swift in Sources */ = {isa = PBXBuildFile; fileRef = 7B210E4B27B65986002C1A00 /* PlanetsShowroom.swift */; };
		7B210E4E27B659A3002C1A00 /* PlanetShowroomGridView.swift in Sources */ = {isa = PBXBuildFile; fileRef = 7B210E4D27B659A3002C1A00 /* PlanetShowroomGridView.swift */; };
		7B91B63C27BFA0DA00CE3DB8 /* OtpView.swift in Sources */ = {isa = PBXBuildFile; fileRef = 7B91B63B27BFA0DA00CE3DB8 /* OtpView.swift */; };
		7B91B63E27BFA12300CE3DB8 /* Otp.swift in Sources */ = {isa = PBXBuildFile; fileRef = 7B91B63D27BFA12300CE3DB8 /* Otp.swift */; };
		7B96C88227BBBE3D002E8CFC /* NavBarMainView.swift in Sources */ = {isa = PBXBuildFile; fileRef = 7B96C88127BBBE3D002E8CFC /* NavBarMainView.swift */; };
		7B96C88427BBD667002E8CFC /* ButtonView.swift in Sources */ = {isa = PBXBuildFile; fileRef = 7B96C88327BBD667002E8CFC /* ButtonView.swift */; };
		7B96C88827BBD9A3002E8CFC /* Extensions.swift in Sources */ = {isa = PBXBuildFile; fileRef = 7B96C88727BBD9A3002E8CFC /* Extensions.swift */; };
		7B9BDE2227BD0346001E6B88 /* JoinButtonView.swift in Sources */ = {isa = PBXBuildFile; fileRef = 7B9BDE2127BD0346001E6B88 /* JoinButtonView.swift */; };
		7B9BDE2427BD41E8001E6B88 /* PlanetShowroomSingleView.swift in Sources */ = {isa = PBXBuildFile; fileRef = 7B9BDE2327BD41E8001E6B88 /* PlanetShowroomSingleView.swift */; };
		7B9BDE2627BE4495001E6B88 /* RoomStartView.swift in Sources */ = {isa = PBXBuildFile; fileRef = 7B9BDE2527BE4495001E6B88 /* RoomStartView.swift */; };
		7B9BDE2827BE4530001E6B88 /* Rooms.swift in Sources */ = {isa = PBXBuildFile; fileRef = 7B9BDE2727BE4530001E6B88 /* Rooms.swift */; };
		7B9BDE2A27BE487C001E6B88 /* RoomStart.swift in Sources */ = {isa = PBXBuildFile; fileRef = 7B9BDE2927BE487C001E6B88 /* RoomStart.swift */; };
		7BFA211F27B6534000BCE7EA /* Electric_FruitsApp.swift in Sources */ = {isa = PBXBuildFile; fileRef = 7BFA211E27B6534000BCE7EA /* Electric_FruitsApp.swift */; };
		7BFA212127B6534000BCE7EA /* MainView.swift in Sources */ = {isa = PBXBuildFile; fileRef = 7BFA212027B6534000BCE7EA /* MainView.swift */; };
		7BFA212327B6534200BCE7EA /* Assets.xcassets in Resources */ = {isa = PBXBuildFile; fileRef = 7BFA212227B6534200BCE7EA /* Assets.xcassets */; };
		7BFA212627B6534200BCE7EA /* Preview Assets.xcassets in Resources */ = {isa = PBXBuildFile; fileRef = 7BFA212527B6534200BCE7EA /* Preview Assets.xcassets */; };
		7BFCEABF27BE56F200DFCAEE /* ButtonRoomView.swift in Sources */ = {isa = PBXBuildFile; fileRef = 7BFCEABE27BE56F200DFCAEE /* ButtonRoomView.swift */; };
		7BFCEAC127BE6BE700DFCAEE /* RoomCodeView.swift in Sources */ = {isa = PBXBuildFile; fileRef = 7BFCEAC027BE6BE700DFCAEE /* RoomCodeView.swift */; };
		7BFCEAC327BE6C4F00DFCAEE /* TimeNextPlanetView.swift in Sources */ = {isa = PBXBuildFile; fileRef = 7BFCEAC227BE6C4F00DFCAEE /* TimeNextPlanetView.swift */; };
		7BFCEAC527BEAAA200DFCAEE /* CallRoomView.swift in Sources */ = {isa = PBXBuildFile; fileRef = 7BFCEAC427BEAAA200DFCAEE /* CallRoomView.swift */; };
		7BFCEAC727BEAD5E00DFCAEE /* StartRoomHeaderView.swift in Sources */ = {isa = PBXBuildFile; fileRef = 7BFCEAC627BEAD5E00DFCAEE /* StartRoomHeaderView.swift */; };
		7BFCEACD27BEAEE500DFCAEE /* RoomView.swift in Sources */ = {isa = PBXBuildFile; fileRef = 7BFCEACC27BEAEE500DFCAEE /* RoomView.swift */; };
/* End PBXBuildFile section */

/* Begin PBXFileReference section */
		7B0837E127BEB71C0012A0F9 /* Swipeback.swift */ = {isa = PBXFileReference; lastKnownFileType = sourcecode.swift; path = Swipeback.swift; sourceTree = "<group>"; };
		7B0837E327BECC2D0012A0F9 /* JoinPopUpView.swift */ = {isa = PBXFileReference; lastKnownFileType = sourcecode.swift; path = JoinPopUpView.swift; sourceTree = "<group>"; };
		7B210E4527B6570D002C1A00 /* MainModel.swift */ = {isa = PBXFileReference; lastKnownFileType = sourcecode.swift; path = MainModel.swift; sourceTree = "<group>"; };
		7B210E4727B65719002C1A00 /* MainViewModel.swift */ = {isa = PBXFileReference; lastKnownFileType = sourcecode.swift; path = MainViewModel.swift; sourceTree = "<group>"; };
		7B210E4927B6575E002C1A00 /* Showroom.swift */ = {isa = PBXFileReference; lastKnownFileType = sourcecode.swift; path = Showroom.swift; sourceTree = "<group>"; };
		7B210E4B27B65986002C1A00 /* PlanetsShowroom.swift */ = {isa = PBXFileReference; lastKnownFileType = sourcecode.swift; path = PlanetsShowroom.swift; sourceTree = "<group>"; };
		7B210E4D27B659A3002C1A00 /* PlanetShowroomGridView.swift */ = {isa = PBXFileReference; lastKnownFileType = sourcecode.swift; path = PlanetShowroomGridView.swift; sourceTree = "<group>"; };
		7B91B63B27BFA0DA00CE3DB8 /* OtpView.swift */ = {isa = PBXFileReference; lastKnownFileType = sourcecode.swift; path = OtpView.swift; sourceTree = "<group>"; };
		7B91B63D27BFA12300CE3DB8 /* Otp.swift */ = {isa = PBXFileReference; lastKnownFileType = sourcecode.swift; path = Otp.swift; sourceTree = "<group>"; };
		7B96C88127BBBE3D002E8CFC /* NavBarMainView.swift */ = {isa = PBXFileReference; lastKnownFileType = sourcecode.swift; path = NavBarMainView.swift; sourceTree = "<group>"; };
		7B96C88327BBD667002E8CFC /* ButtonView.swift */ = {isa = PBXFileReference; lastKnownFileType = sourcecode.swift; path = ButtonView.swift; sourceTree = "<group>"; };
		7B96C88727BBD9A3002E8CFC /* Extensions.swift */ = {isa = PBXFileReference; lastKnownFileType = sourcecode.swift; path = Extensions.swift; sourceTree = "<group>"; };
		7B9BDE2127BD0346001E6B88 /* JoinButtonView.swift */ = {isa = PBXFileReference; lastKnownFileType = sourcecode.swift; path = JoinButtonView.swift; sourceTree = "<group>"; };
		7B9BDE2327BD41E8001E6B88 /* PlanetShowroomSingleView.swift */ = {isa = PBXFileReference; lastKnownFileType = sourcecode.swift; path = PlanetShowroomSingleView.swift; sourceTree = "<group>"; };
		7B9BDE2527BE4495001E6B88 /* RoomStartView.swift */ = {isa = PBXFileReference; lastKnownFileType = sourcecode.swift; path = RoomStartView.swift; sourceTree = "<group>"; };
		7B9BDE2727BE4530001E6B88 /* Rooms.swift */ = {isa = PBXFileReference; lastKnownFileType = sourcecode.swift; path = Rooms.swift; sourceTree = "<group>"; };
		7B9BDE2927BE487C001E6B88 /* RoomStart.swift */ = {isa = PBXFileReference; lastKnownFileType = sourcecode.swift; path = RoomStart.swift; sourceTree = "<group>"; };
		7BFA211B27B6534000BCE7EA /* Electric Fruits.app */ = {isa = PBXFileReference; explicitFileType = wrapper.application; includeInIndex = 0; path = "Electric Fruits.app"; sourceTree = BUILT_PRODUCTS_DIR; };
		7BFA211E27B6534000BCE7EA /* Electric_FruitsApp.swift */ = {isa = PBXFileReference; lastKnownFileType = sourcecode.swift; path = Electric_FruitsApp.swift; sourceTree = "<group>"; };
		7BFA212027B6534000BCE7EA /* MainView.swift */ = {isa = PBXFileReference; lastKnownFileType = sourcecode.swift; path = MainView.swift; sourceTree = "<group>"; };
		7BFA212227B6534200BCE7EA /* Assets.xcassets */ = {isa = PBXFileReference; lastKnownFileType = folder.assetcatalog; path = Assets.xcassets; sourceTree = "<group>"; };
		7BFA212527B6534200BCE7EA /* Preview Assets.xcassets */ = {isa = PBXFileReference; lastKnownFileType = folder.assetcatalog; path = "Preview Assets.xcassets"; sourceTree = "<group>"; };
		7BFCEABE27BE56F200DFCAEE /* ButtonRoomView.swift */ = {isa = PBXFileReference; lastKnownFileType = sourcecode.swift; path = ButtonRoomView.swift; sourceTree = "<group>"; };
		7BFCEAC027BE6BE700DFCAEE /* RoomCodeView.swift */ = {isa = PBXFileReference; lastKnownFileType = sourcecode.swift; path = RoomCodeView.swift; sourceTree = "<group>"; };
		7BFCEAC227BE6C4F00DFCAEE /* TimeNextPlanetView.swift */ = {isa = PBXFileReference; lastKnownFileType = sourcecode.swift; path = TimeNextPlanetView.swift; sourceTree = "<group>"; };
		7BFCEAC427BEAAA200DFCAEE /* CallRoomView.swift */ = {isa = PBXFileReference; lastKnownFileType = sourcecode.swift; path = CallRoomView.swift; sourceTree = "<group>"; };
		7BFCEAC627BEAD5E00DFCAEE /* StartRoomHeaderView.swift */ = {isa = PBXFileReference; lastKnownFileType = sourcecode.swift; path = StartRoomHeaderView.swift; sourceTree = "<group>"; };
		7BFCEACC27BEAEE500DFCAEE /* RoomView.swift */ = {isa = PBXFileReference; lastKnownFileType = sourcecode.swift; path = RoomView.swift; sourceTree = "<group>"; };
/* End PBXFileReference section */

/* Begin PBXFrameworksBuildPhase section */
		7BFA211827B6534000BCE7EA /* Frameworks */ = {
			isa = PBXFrameworksBuildPhase;
			buildActionMask = 2147483647;
			files = (
			);
			runOnlyForDeploymentPostprocessing = 0;
		};
/* End PBXFrameworksBuildPhase section */

/* Begin PBXGroup section */
		7B96C88527BBD681002E8CFC /* Components */ = {
			isa = PBXGroup;
			children = (
				7B210E4D27B659A3002C1A00 /* PlanetShowroomGridView.swift */,
				7B9BDE2327BD41E8001E6B88 /* PlanetShowroomSingleView.swift */,
				7B96C88127BBBE3D002E8CFC /* NavBarMainView.swift */,
				7B96C88327BBD667002E8CFC /* ButtonView.swift */,
				7B9BDE2127BD0346001E6B88 /* JoinButtonView.swift */,
				7B0837E327BECC2D0012A0F9 /* JoinPopUpView.swift */,
				7B91B63B27BFA0DA00CE3DB8 /* OtpView.swift */,
			);
			path = Components;
			sourceTree = "<group>";
		};
		7B96C88627BBD98C002E8CFC /* Extensions */ = {
			isa = PBXGroup;
			children = (
				7B96C88727BBD9A3002E8CFC /* Extensions.swift */,
				7B0837E127BEB71C0012A0F9 /* Swipeback.swift */,
			);
			path = Extensions;
			sourceTree = "<group>";
		};
		7BFA211227B6534000BCE7EA = {
			isa = PBXGroup;
			children = (
				7BFA211D27B6534000BCE7EA /* Electric Fruits */,
				7BFA211C27B6534000BCE7EA /* Products */,
			);
			sourceTree = "<group>";
		};
		7BFA211C27B6534000BCE7EA /* Products */ = {
			isa = PBXGroup;
			children = (
				7BFA211B27B6534000BCE7EA /* Electric Fruits.app */,
			);
			name = Products;
			sourceTree = "<group>";
		};
		7BFA211D27B6534000BCE7EA /* Electric Fruits */ = {
			isa = PBXGroup;
			children = (
				7BFA211E27B6534000BCE7EA /* Electric_FruitsApp.swift */,
				7B96C88627BBD98C002E8CFC /* Extensions */,
				7BFA212C27B654C100BCE7EA /* Models */,
				7BFA212D27B654CE00BCE7EA /* ViewModels */,
				7BFA212E27B654ED00BCE7EA /* Views */,
				7BFA212227B6534200BCE7EA /* Assets.xcassets */,
				7BFA212427B6534200BCE7EA /* Preview Content */,
			);
			path = "Electric Fruits";
			sourceTree = "<group>";
		};
		7BFA212427B6534200BCE7EA /* Preview Content */ = {
			isa = PBXGroup;
			children = (
				7BFA212527B6534200BCE7EA /* Preview Assets.xcassets */,
			);
			path = "Preview Content";
			sourceTree = "<group>";
		};
		7BFA212C27B654C100BCE7EA /* Models */ = {
			isa = PBXGroup;
			children = (
				7B210E4527B6570D002C1A00 /* MainModel.swift */,
				7B210E4927B6575E002C1A00 /* Showroom.swift */,
				7B9BDE2727BE4530001E6B88 /* Rooms.swift */,
			);
			path = Models;
			sourceTree = "<group>";
		};
		7BFA212D27B654CE00BCE7EA /* ViewModels */ = {
			isa = PBXGroup;
			children = (
				7B210E4727B65719002C1A00 /* MainViewModel.swift */,
				7B210E4B27B65986002C1A00 /* PlanetsShowroom.swift */,
				7B9BDE2927BE487C001E6B88 /* RoomStart.swift */,
				7B91B63D27BFA12300CE3DB8 /* Otp.swift */,
			);
			path = ViewModels;
			sourceTree = "<group>";
		};
		7BFA212E27B654ED00BCE7EA /* Views */ = {
			isa = PBXGroup;
			children = (
				7BFA212027B6534000BCE7EA /* MainView.swift */,
				7BFCEACC27BEAEE500DFCAEE /* RoomView.swift */,
				7BFCEACB27BEAE0600DFCAEE /* CallRoom */,
				7BFCEAC827BEADA500DFCAEE /* StartRoom */,
				7B96C88527BBD681002E8CFC /* Components */,
			);
			path = Views;
			sourceTree = "<group>";
		};
		7BFCEAC827BEADA500DFCAEE /* StartRoom */ = {
			isa = PBXGroup;
			children = (
				7B9BDE2527BE4495001E6B88 /* RoomStartView.swift */,
				7BFCEACA27BEADE600DFCAEE /* Components StartRoom */,
			);
			path = StartRoom;
			sourceTree = "<group>";
		};
		7BFCEACA27BEADE600DFCAEE /* Components StartRoom */ = {
			isa = PBXGroup;
			children = (
				7BFCEAC227BE6C4F00DFCAEE /* TimeNextPlanetView.swift */,
				7BFCEAC027BE6BE700DFCAEE /* RoomCodeView.swift */,
				7BFCEABE27BE56F200DFCAEE /* ButtonRoomView.swift */,
				7BFCEAC627BEAD5E00DFCAEE /* StartRoomHeaderView.swift */,
			);
			path = "Components StartRoom";
			sourceTree = "<group>";
		};
		7BFCEACB27BEAE0600DFCAEE /* CallRoom */ = {
			isa = PBXGroup;
			children = (
				7BFCEAC427BEAAA200DFCAEE /* CallRoomView.swift */,
			);
			path = CallRoom;
			sourceTree = "<group>";
		};
/* End PBXGroup section */

/* Begin PBXNativeTarget section */
		7BFA211A27B6534000BCE7EA /* Electric Fruits */ = {
			isa = PBXNativeTarget;
			buildConfigurationList = 7BFA212927B6534200BCE7EA /* Build configuration list for PBXNativeTarget "Electric Fruits" */;
			buildPhases = (
				7BFA211727B6534000BCE7EA /* Sources */,
				7BFA211827B6534000BCE7EA /* Frameworks */,
				7BFA211927B6534000BCE7EA /* Resources */,
			);
			buildRules = (
			);
			dependencies = (
			);
			name = "Electric Fruits";
			productName = "Electric Fruits";
			productReference = 7BFA211B27B6534000BCE7EA /* Electric Fruits.app */;
			productType = "com.apple.product-type.application";
		};
/* End PBXNativeTarget section */

/* Begin PBXProject section */
		7BFA211327B6534000BCE7EA /* Project object */ = {
			isa = PBXProject;
			attributes = {
				BuildIndependentTargetsInParallel = 1;
				LastSwiftUpdateCheck = 1300;
				LastUpgradeCheck = 1300;
				TargetAttributes = {
					7BFA211A27B6534000BCE7EA = {
						CreatedOnToolsVersion = 13.0;
					};
				};
			};
			buildConfigurationList = 7BFA211627B6534000BCE7EA /* Build configuration list for PBXProject "Electric Fruits" */;
			compatibilityVersion = "Xcode 13.0";
			developmentRegion = en;
			hasScannedForEncodings = 0;
			knownRegions = (
				en,
				Base,
			);
			mainGroup = 7BFA211227B6534000BCE7EA;
			productRefGroup = 7BFA211C27B6534000BCE7EA /* Products */;
			projectDirPath = "";
			projectRoot = "";
			targets = (
				7BFA211A27B6534000BCE7EA /* Electric Fruits */,
			);
		};
/* End PBXProject section */

/* Begin PBXResourcesBuildPhase section */
		7BFA211927B6534000BCE7EA /* Resources */ = {
			isa = PBXResourcesBuildPhase;
			buildActionMask = 2147483647;
			files = (
				7BFA212627B6534200BCE7EA /* Preview Assets.xcassets in Resources */,
				7BFA212327B6534200BCE7EA /* Assets.xcassets in Resources */,
			);
			runOnlyForDeploymentPostprocessing = 0;
		};
/* End PBXResourcesBuildPhase section */

/* Begin PBXSourcesBuildPhase section */
		7BFA211727B6534000BCE7EA /* Sources */ = {
			isa = PBXSourcesBuildPhase;
			buildActionMask = 2147483647;
			files = (
				7B0837E427BECC2D0012A0F9 /* JoinPopUpView.swift in Sources */,
				7B9BDE2627BE4495001E6B88 /* RoomStartView.swift in Sources */,
				7BFA212127B6534000BCE7EA /* MainView.swift in Sources */,
				7B9BDE2227BD0346001E6B88 /* JoinButtonView.swift in Sources */,
				7BFCEACD27BEAEE500DFCAEE /* RoomView.swift in Sources */,
				7BFCEABF27BE56F200DFCAEE /* ButtonRoomView.swift in Sources */,
				7B96C88227BBBE3D002E8CFC /* NavBarMainView.swift in Sources */,
				7BFA211F27B6534000BCE7EA /* Electric_FruitsApp.swift in Sources */,
				7B91B63E27BFA12300CE3DB8 /* Otp.swift in Sources */,
				7B0837E227BEB71C0012A0F9 /* Swipeback.swift in Sources */,
				7B210E4E27B659A3002C1A00 /* PlanetShowroomGridView.swift in Sources */,
				7B9BDE2A27BE487C001E6B88 /* RoomStart.swift in Sources */,
				7B210E4627B6570D002C1A00 /* MainModel.swift in Sources */,
				7B96C88827BBD9A3002E8CFC /* Extensions.swift in Sources */,
				7B9BDE2827BE4530001E6B88 /* Rooms.swift in Sources */,
				7B91B63C27BFA0DA00CE3DB8 /* OtpView.swift in Sources */,
				7BFCEAC727BEAD5E00DFCAEE /* StartRoomHeaderView.swift in Sources */,
				7BFCEAC527BEAAA200DFCAEE /* CallRoomView.swift in Sources */,
				7B210E4827B65719002C1A00 /* MainViewModel.swift in Sources */,
				7B210E4C27B65986002C1A00 /* PlanetsShowroom.swift in Sources */,
				7BFCEAC127BE6BE700DFCAEE /* RoomCodeView.swift in Sources */,
				7B210E4A27B6575E002C1A00 /* Showroom.swift in Sources */,
				7B9BDE2427BD41E8001E6B88 /* PlanetShowroomSingleView.swift in Sources */,
				7BFCEAC327BE6C4F00DFCAEE /* TimeNextPlanetView.swift in Sources */,
				7B96C88427BBD667002E8CFC /* ButtonView.swift in Sources */,
			);
			runOnlyForDeploymentPostprocessing = 0;
		};
/* End PBXSourcesBuildPhase section */

/* Begin XCBuildConfiguration section */
		7BFA212727B6534200BCE7EA /* Debug */ = {
			isa = XCBuildConfiguration;
			buildSettings = {
				ALWAYS_SEARCH_USER_PATHS = NO;
				CLANG_ANALYZER_NONNULL = YES;
				CLANG_ANALYZER_NUMBER_OBJECT_CONVERSION = YES_AGGRESSIVE;
				CLANG_CXX_LANGUAGE_STANDARD = "gnu++17";
				CLANG_CXX_LIBRARY = "libc++";
				CLANG_ENABLE_MODULES = YES;
				CLANG_ENABLE_OBJC_ARC = YES;
				CLANG_ENABLE_OBJC_WEAK = YES;
				CLANG_WARN_BLOCK_CAPTURE_AUTORELEASING = YES;
				CLANG_WARN_BOOL_CONVERSION = YES;
				CLANG_WARN_COMMA = YES;
				CLANG_WARN_CONSTANT_CONVERSION = YES;
				CLANG_WARN_DEPRECATED_OBJC_IMPLEMENTATIONS = YES;
				CLANG_WARN_DIRECT_OBJC_ISA_USAGE = YES_ERROR;
				CLANG_WARN_DOCUMENTATION_COMMENTS = YES;
				CLANG_WARN_EMPTY_BODY = YES;
				CLANG_WARN_ENUM_CONVERSION = YES;
				CLANG_WARN_INFINITE_RECURSION = YES;
				CLANG_WARN_INT_CONVERSION = YES;
				CLANG_WARN_NON_LITERAL_NULL_CONVERSION = YES;
				CLANG_WARN_OBJC_IMPLICIT_RETAIN_SELF = YES;
				CLANG_WARN_OBJC_LITERAL_CONVERSION = YES;
				CLANG_WARN_OBJC_ROOT_CLASS = YES_ERROR;
				CLANG_WARN_QUOTED_INCLUDE_IN_FRAMEWORK_HEADER = YES;
				CLANG_WARN_RANGE_LOOP_ANALYSIS = YES;
				CLANG_WARN_STRICT_PROTOTYPES = YES;
				CLANG_WARN_SUSPICIOUS_MOVE = YES;
				CLANG_WARN_UNGUARDED_AVAILABILITY = YES_AGGRESSIVE;
				CLANG_WARN_UNREACHABLE_CODE = YES;
				CLANG_WARN__DUPLICATE_METHOD_MATCH = YES;
				COPY_PHASE_STRIP = NO;
				DEBUG_INFORMATION_FORMAT = dwarf;
				ENABLE_STRICT_OBJC_MSGSEND = YES;
				ENABLE_TESTABILITY = YES;
				GCC_C_LANGUAGE_STANDARD = gnu11;
				GCC_DYNAMIC_NO_PIC = NO;
				GCC_NO_COMMON_BLOCKS = YES;
				GCC_OPTIMIZATION_LEVEL = 0;
				GCC_PREPROCESSOR_DEFINITIONS = (
					"DEBUG=1",
					"$(inherited)",
				);
				GCC_WARN_64_TO_32_BIT_CONVERSION = YES;
				GCC_WARN_ABOUT_RETURN_TYPE = YES_ERROR;
				GCC_WARN_UNDECLARED_SELECTOR = YES;
				GCC_WARN_UNINITIALIZED_AUTOS = YES_AGGRESSIVE;
				GCC_WARN_UNUSED_FUNCTION = YES;
				GCC_WARN_UNUSED_VARIABLE = YES;
				IPHONEOS_DEPLOYMENT_TARGET = 15.0;
				MTL_ENABLE_DEBUG_INFO = INCLUDE_SOURCE;
				MTL_FAST_MATH = YES;
				ONLY_ACTIVE_ARCH = YES;
				SDKROOT = iphoneos;
				SWIFT_ACTIVE_COMPILATION_CONDITIONS = DEBUG;
				SWIFT_OPTIMIZATION_LEVEL = "-Onone";
			};
			name = Debug;
		};
		7BFA212827B6534200BCE7EA /* Release */ = {
			isa = XCBuildConfiguration;
			buildSettings = {
				ALWAYS_SEARCH_USER_PATHS = NO;
				CLANG_ANALYZER_NONNULL = YES;
				CLANG_ANALYZER_NUMBER_OBJECT_CONVERSION = YES_AGGRESSIVE;
				CLANG_CXX_LANGUAGE_STANDARD = "gnu++17";
				CLANG_CXX_LIBRARY = "libc++";
				CLANG_ENABLE_MODULES = YES;
				CLANG_ENABLE_OBJC_ARC = YES;
				CLANG_ENABLE_OBJC_WEAK = YES;
				CLANG_WARN_BLOCK_CAPTURE_AUTORELEASING = YES;
				CLANG_WARN_BOOL_CONVERSION = YES;
				CLANG_WARN_COMMA = YES;
				CLANG_WARN_CONSTANT_CONVERSION = YES;
				CLANG_WARN_DEPRECATED_OBJC_IMPLEMENTATIONS = YES;
				CLANG_WARN_DIRECT_OBJC_ISA_USAGE = YES_ERROR;
				CLANG_WARN_DOCUMENTATION_COMMENTS = YES;
				CLANG_WARN_EMPTY_BODY = YES;
				CLANG_WARN_ENUM_CONVERSION = YES;
				CLANG_WARN_INFINITE_RECURSION = YES;
				CLANG_WARN_INT_CONVERSION = YES;
				CLANG_WARN_NON_LITERAL_NULL_CONVERSION = YES;
				CLANG_WARN_OBJC_IMPLICIT_RETAIN_SELF = YES;
				CLANG_WARN_OBJC_LITERAL_CONVERSION = YES;
				CLANG_WARN_OBJC_ROOT_CLASS = YES_ERROR;
				CLANG_WARN_QUOTED_INCLUDE_IN_FRAMEWORK_HEADER = YES;
				CLANG_WARN_RANGE_LOOP_ANALYSIS = YES;
				CLANG_WARN_STRICT_PROTOTYPES = YES;
				CLANG_WARN_SUSPICIOUS_MOVE = YES;
				CLANG_WARN_UNGUARDED_AVAILABILITY = YES_AGGRESSIVE;
				CLANG_WARN_UNREACHABLE_CODE = YES;
				CLANG_WARN__DUPLICATE_METHOD_MATCH = YES;
				COPY_PHASE_STRIP = NO;
				DEBUG_INFORMATION_FORMAT = "dwarf-with-dsym";
				ENABLE_NS_ASSERTIONS = NO;
				ENABLE_STRICT_OBJC_MSGSEND = YES;
				GCC_C_LANGUAGE_STANDARD = gnu11;
				GCC_NO_COMMON_BLOCKS = YES;
				GCC_WARN_64_TO_32_BIT_CONVERSION = YES;
				GCC_WARN_ABOUT_RETURN_TYPE = YES_ERROR;
				GCC_WARN_UNDECLARED_SELECTOR = YES;
				GCC_WARN_UNINITIALIZED_AUTOS = YES_AGGRESSIVE;
				GCC_WARN_UNUSED_FUNCTION = YES;
				GCC_WARN_UNUSED_VARIABLE = YES;
				IPHONEOS_DEPLOYMENT_TARGET = 15.0;
				MTL_ENABLE_DEBUG_INFO = NO;
				MTL_FAST_MATH = YES;
				SDKROOT = iphoneos;
				SWIFT_COMPILATION_MODE = wholemodule;
				SWIFT_OPTIMIZATION_LEVEL = "-O";
				VALIDATE_PRODUCT = YES;
			};
			name = Release;
		};
		7BFA212A27B6534200BCE7EA /* Debug */ = {
			isa = XCBuildConfiguration;
			buildSettings = {
				ASSETCATALOG_COMPILER_APPICON_NAME = AppIcon;
				ASSETCATALOG_COMPILER_GLOBAL_ACCENT_COLOR_NAME = AccentColor;
				CODE_SIGN_STYLE = Automatic;
				CURRENT_PROJECT_VERSION = 1;
				DEVELOPMENT_ASSET_PATHS = "\"Electric Fruits/Preview Content\"";
				DEVELOPMENT_TEAM = G9H564688N;
				ENABLE_PREVIEWS = YES;
				GENERATE_INFOPLIST_FILE = YES;
				INFOPLIST_KEY_UIApplicationSceneManifest_Generation = YES;
				INFOPLIST_KEY_UIApplicationSupportsIndirectInputEvents = YES;
				INFOPLIST_KEY_UILaunchScreen_Generation = YES;
				INFOPLIST_KEY_UISupportedInterfaceOrientations_iPad = "UIInterfaceOrientationPortrait UIInterfaceOrientationPortraitUpsideDown UIInterfaceOrientationLandscapeLeft UIInterfaceOrientationLandscapeRight";
				INFOPLIST_KEY_UISupportedInterfaceOrientations_iPhone = "UIInterfaceOrientationPortrait UIInterfaceOrientationLandscapeLeft UIInterfaceOrientationLandscapeRight";
				IPHONEOS_DEPLOYMENT_TARGET = 14.0;
				LD_RUNPATH_SEARCH_PATHS = (
					"$(inherited)",
					"@executable_path/Frameworks",
				);
				MARKETING_VERSION = 1.0;
				PRODUCT_BUNDLE_IDENTIFIER = "VincenzoPascarella.Electric-Fruits";
				PRODUCT_NAME = "$(TARGET_NAME)";
				SWIFT_EMIT_LOC_STRINGS = YES;
				SWIFT_VERSION = 5.0;
				TARGETED_DEVICE_FAMILY = "1,2";
			};
			name = Debug;
		};
		7BFA212B27B6534200BCE7EA /* Release */ = {
			isa = XCBuildConfiguration;
			buildSettings = {
				ASSETCATALOG_COMPILER_APPICON_NAME = AppIcon;
				ASSETCATALOG_COMPILER_GLOBAL_ACCENT_COLOR_NAME = AccentColor;
				CODE_SIGN_STYLE = Automatic;
				CURRENT_PROJECT_VERSION = 1;
				DEVELOPMENT_ASSET_PATHS = "\"Electric Fruits/Preview Content\"";
				DEVELOPMENT_TEAM = G9H564688N;
				ENABLE_PREVIEWS = YES;
				GENERATE_INFOPLIST_FILE = YES;
				INFOPLIST_KEY_UIApplicationSceneManifest_Generation = YES;
				INFOPLIST_KEY_UIApplicationSupportsIndirectInputEvents = YES;
				INFOPLIST_KEY_UILaunchScreen_Generation = YES;
				INFOPLIST_KEY_UISupportedInterfaceOrientations_iPad = "UIInterfaceOrientationPortrait UIInterfaceOrientationPortraitUpsideDown UIInterfaceOrientationLandscapeLeft UIInterfaceOrientationLandscapeRight";
				INFOPLIST_KEY_UISupportedInterfaceOrientations_iPhone = "UIInterfaceOrientationPortrait UIInterfaceOrientationLandscapeLeft UIInterfaceOrientationLandscapeRight";
				IPHONEOS_DEPLOYMENT_TARGET = 14.0;
				LD_RUNPATH_SEARCH_PATHS = (
					"$(inherited)",
					"@executable_path/Frameworks",
				);
				MARKETING_VERSION = 1.0;
				PRODUCT_BUNDLE_IDENTIFIER = "VincenzoPascarella.Electric-Fruits";
				PRODUCT_NAME = "$(TARGET_NAME)";
				SWIFT_EMIT_LOC_STRINGS = YES;
				SWIFT_VERSION = 5.0;
				TARGETED_DEVICE_FAMILY = "1,2";
			};
			name = Release;
		};
/* End XCBuildConfiguration section */

/* Begin XCConfigurationList section */
		7BFA211627B6534000BCE7EA /* Build configuration list for PBXProject "Electric Fruits" */ = {
			isa = XCConfigurationList;
			buildConfigurations = (
				7BFA212727B6534200BCE7EA /* Debug */,
				7BFA212827B6534200BCE7EA /* Release */,
			);
			defaultConfigurationIsVisible = 0;
			defaultConfigurationName = Release;
		};
		7BFA212927B6534200BCE7EA /* Build configuration list for PBXNativeTarget "Electric Fruits" */ = {
			isa = XCConfigurationList;
			buildConfigurations = (
				7BFA212A27B6534200BCE7EA /* Debug */,
				7BFA212B27B6534200BCE7EA /* Release */,
			);
			defaultConfigurationIsVisible = 0;
			defaultConfigurationName = Release;
		};
/* End XCConfigurationList section */
	};
	rootObject = 7BFA211327B6534000BCE7EA /* Project object */;
}
